
Microsoft Visual Studio Solution File, Format Version 12.00
# Visual Studio Version 17
VisualStudioVersion = 17.1.32407.343
MinimumVisualStudioVersion = 10.0.40219.1
Project("{FAE04EC0-301F-11D3-BF4B-00C04F79EFBC}") = "Ankn-Morpork-MVC", "Ankn-Morpork-MVC\Ankn-Morpork-MVC.csproj", "{F4A60AF8-1AB2-4D7F-BCAC-4A724BE4DA62}"
EndProject
Global
	GlobalSection(SolutionConfigurationPlatforms) = preSolution
		Debug|Any CPU = Debug|Any CPU
		Release|Any CPU = Release|Any CPU
	EndGlobalSection
	GlobalSection(ProjectConfigurationPlatforms) = postSolution
		{F4A60AF8-1AB2-4D7F-BCAC-4A724BE4DA62}.Debug|Any CPU.ActiveCfg = Debug|Any CPU
		{F4A60AF8-1AB2-4D7F-BCAC-4A724BE4DA62}.Debug|Any CPU.Build.0 = Debug|Any CPU
		{F4A60AF8-1AB2-4D7F-BCAC-4A724BE4DA62}.Release|Any CPU.ActiveCfg = Release|Any CPU
		{F4A60AF8-1AB2-4D7F-BCAC-4A724BE4DA62}.Release|Any CPU.Build.0 = Release|Any CPU
	EndGlobalSection
	GlobalSection(SolutionProperties) = preSolution
		HideSolutionNode = FALSE
	EndGlobalSection
	GlobalSection(ExtensibilityGlobals) = postSolution
		SolutionGuid = {5D458B9B-4FBF-4C3D-9C82-B0114C085330}
	EndGlobalSection
EndGlobal
